{
  "name": "monetha-paymnet-contracts",
  "version": "1.0.0",
  "lockfileVersion": 1,
  "requires": true,
  "dependencies": {
    "monetha-loyalty-contracts": {
      "version": "git+https://github.com/monetha/loyalty-contracts.git#d5159fb675c7d13374409443d48093b0c487da4c",
      "requires": {
        "monetha-utility-contracts": "git+https://github.com/monetha/utility-contracts.git#caa90838a56d430b1e11c9280e020fec972aa336"
      }
    },
    "monetha-utility-contracts": {
      "version": "git+https://github.com/monetha/utility-contracts.git#caa90838a56d430b1e11c9280e020fec972aa336"
    }
  }
}
